// !$*UTF8*$!
{
	archiveVersion = 1;
	classes = {
	};
	objectVersion = 51;
	objects = {

/* Begin PBXBuildFile section */
		2B497CCAA634316F25FC4ECD /* Pods_Pixel_City.framework in Frameworks */ = {isa = PBXBuildFile; fileRef = 0BDBEE2B30389E72262EFB3C /* Pods_Pixel_City.framework */; };
		B522F6DD23B13DBD00307B81 /* AppDelegate.swift in Sources */ = {isa = PBXBuildFile; fileRef = B522F6DC23B13DBD00307B81 /* AppDelegate.swift */; };
		B522F6DF23B13DBD00307B81 /* SceneDelegate.swift in Sources */ = {isa = PBXBuildFile; fileRef = B522F6DE23B13DBD00307B81 /* SceneDelegate.swift */; };
		B522F6E123B13DBD00307B81 /* MapVC.swift in Sources */ = {isa = PBXBuildFile; fileRef = B522F6E023B13DBD00307B81 /* MapVC.swift */; };
		B522F6E423B13DBD00307B81 /* Main.storyboard in Resources */ = {isa = PBXBuildFile; fileRef = B522F6E223B13DBD00307B81 /* Main.storyboard */; };
		B522F6E623B13DC500307B81 /* Assets.xcassets in Resources */ = {isa = PBXBuildFile; fileRef = B522F6E523B13DC500307B81 /* Assets.xcassets */; };
		B522F6E923B13DC500307B81 /* LaunchScreen.storyboard in Resources */ = {isa = PBXBuildFile; fileRef = B522F6E723B13DC500307B81 /* LaunchScreen.storyboard */; };
		B5536A5A23FC679100B05106 /* DroppablePin.swift in Sources */ = {isa = PBXBuildFile; fileRef = B5536A5923FC679100B05106 /* DroppablePin.swift */; };
/* End PBXBuildFile section */

/* Begin PBXFileReference section */
		0BDBEE2B30389E72262EFB3C /* Pods_Pixel_City.framework */ = {isa = PBXFileReference; explicitFileType = wrapper.framework; includeInIndex = 0; path = Pods_Pixel_City.framework; sourceTree = BUILT_PRODUCTS_DIR; };
		B522F6D923B13DBD00307B81 /* Pixel City.app */ = {isa = PBXFileReference; explicitFileType = wrapper.application; includeInIndex = 0; path = "Pixel City.app"; sourceTree = BUILT_PRODUCTS_DIR; };
		B522F6DC23B13DBD00307B81 /* AppDelegate.swift */ = {isa = PBXFileReference; lastKnownFileType = sourcecode.swift; path = AppDelegate.swift; sourceTree = "<group>"; };
		B522F6DE23B13DBD00307B81 /* SceneDelegate.swift */ = {isa = PBXFileReference; lastKnownFileType = sourcecode.swift; path = SceneDelegate.swift; sourceTree = "<group>"; };
		B522F6E023B13DBD00307B81 /* MapVC.swift */ = {isa = PBXFileReference; lastKnownFileType = sourcecode.swift; path = MapVC.swift; sourceTree = "<group>"; };
		B522F6E323B13DBD00307B81 /* Base */ = {isa = PBXFileReference; lastKnownFileType = file.storyboard; name = Base; path = Base.lproj/Main.storyboard; sourceTree = "<group>"; };
		B522F6E523B13DC500307B81 /* Assets.xcassets */ = {isa = PBXFileReference; lastKnownFileType = folder.assetcatalog; path = Assets.xcassets; sourceTree = "<group>"; };
		B522F6E823B13DC500307B81 /* Base */ = {isa = PBXFileReference; lastKnownFileType = file.storyboard; name = Base; path = Base.lproj/LaunchScreen.storyboard; sourceTree = "<group>"; };
		B522F6EA23B13DC500307B81 /* Info.plist */ = {isa = PBXFileReference; lastKnownFileType = text.plist.xml; path = Info.plist; sourceTree = "<group>"; };
		B5536A5923FC679100B05106 /* DroppablePin.swift */ = {isa = PBXFileReference; lastKnownFileType = sourcecode.swift; path = DroppablePin.swift; sourceTree = "<group>"; };
		EE81C1889C8E6205264F4477 /* Pods-Pixel City.release.xcconfig */ = {isa = PBXFileReference; includeInIndex = 1; lastKnownFileType = text.xcconfig; name = "Pods-Pixel City.release.xcconfig"; path = "Target Support Files/Pods-Pixel City/Pods-Pixel City.release.xcconfig"; sourceTree = "<group>"; };
		F790A3F1167D80FDCEE527DF /* Pods-Pixel City.debug.xcconfig */ = {isa = PBXFileReference; includeInIndex = 1; lastKnownFileType = text.xcconfig; name = "Pods-Pixel City.debug.xcconfig"; path = "Target Support Files/Pods-Pixel City/Pods-Pixel City.debug.xcconfig"; sourceTree = "<group>"; };
/* End PBXFileReference section */

/* Begin PBXFrameworksBuildPhase section */
		B522F6D623B13DBD00307B81 /* Frameworks */ = {
			isa = PBXFrameworksBuildPhase;
			buildActionMask = 2147483647;
			files = (
				2B497CCAA634316F25FC4ECD /* Pods_Pixel_City.framework in Frameworks */,
			);
			runOnlyForDeploymentPostprocessing = 0;
		};
/* End PBXFrameworksBuildPhase section */

/* Begin PBXGroup section */
		51D0475B0FCF21B069DF06BC /* Frameworks */ = {
			isa = PBXGroup;
			children = (
				0BDBEE2B30389E72262EFB3C /* Pods_Pixel_City.framework */,
			);
			name = Frameworks;
			sourceTree = "<group>";
		};
		9C1530307AC1C167936E37C5 /* Pods */ = {
			isa = PBXGroup;
			children = (
				F790A3F1167D80FDCEE527DF /* Pods-Pixel City.debug.xcconfig */,
				EE81C1889C8E6205264F4477 /* Pods-Pixel City.release.xcconfig */,
			);
			path = Pods;
			sourceTree = "<group>";
		};
		B522F6D023B13DBD00307B81 = {
			isa = PBXGroup;
			children = (
				B522F6DB23B13DBD00307B81 /* Pixel City */,
				B522F6DA23B13DBD00307B81 /* Products */,
				9C1530307AC1C167936E37C5 /* Pods */,
				51D0475B0FCF21B069DF06BC /* Frameworks */,
			);
			sourceTree = "<group>";
		};
		B522F6DA23B13DBD00307B81 /* Products */ = {
			isa = PBXGroup;
			children = (
				B522F6D923B13DBD00307B81 /* Pixel City.app */,
			);
			name = Products;
			sourceTree = "<group>";
		};
		B522F6DB23B13DBD00307B81 /* Pixel City */ = {
			isa = PBXGroup;
			children = (
				B522F6F323B1412D00307B81 /* Utilities */,
				B522F6F223B1411E00307B81 /* Extensions */,
				B522F6F123B1411400307B81 /* View */,
				B522F6F023B1410300307B81 /* Controller */,
				B522F6DC23B13DBD00307B81 /* AppDelegate.swift */,
				B522F6DE23B13DBD00307B81 /* SceneDelegate.swift */,
				B522F6E223B13DBD00307B81 /* Main.storyboard */,
				B522F6E523B13DC500307B81 /* Assets.xcassets */,
				B522F6E723B13DC500307B81 /* LaunchScreen.storyboard */,
				B522F6EA23B13DC500307B81 /* Info.plist */,
			);
			path = "Pixel City";
			sourceTree = "<group>";
		};
		B522F6F023B1410300307B81 /* Controller */ = {
			isa = PBXGroup;
			children = (
				B522F6E023B13DBD00307B81 /* MapVC.swift */,
			);
			path = Controller;
			sourceTree = "<group>";
		};
		B522F6F123B1411400307B81 /* View */ = {
			isa = PBXGroup;
			children = (
				B5536A5923FC679100B05106 /* DroppablePin.swift */,
			);
			path = View;
			sourceTree = "<group>";
		};
		B522F6F223B1411E00307B81 /* Extensions */ = {
			isa = PBXGroup;
			children = (
			);
			path = Extensions;
			sourceTree = "<group>";
		};
		B522F6F323B1412D00307B81 /* Utilities */ = {
			isa = PBXGroup;
			children = (
			);
			path = Utilities;
			sourceTree = "<group>";
		};
/* End PBXGroup section */

/* Begin PBXNativeTarget section */
		B522F6D823B13DBD00307B81 /* Pixel City */ = {
			isa = PBXNativeTarget;
			buildConfigurationList = B522F6ED23B13DC500307B81 /* Build configuration list for PBXNativeTarget "Pixel City" */;
			buildPhases = (
				BC26FCF71D0A010127CCBCCB /* [CP] Check Pods Manifest.lock */,
				B522F6D523B13DBD00307B81 /* Sources */,
				B522F6D623B13DBD00307B81 /* Frameworks */,
				B522F6D723B13DBD00307B81 /* Resources */,
				49C7674602DC6FE7F6F47611 /* [CP] Embed Pods Frameworks */,
			);
			buildRules = (
			);
			dependencies = (
			);
			name = "Pixel City";
			productName = "Pixel City";
			productReference = B522F6D923B13DBD00307B81 /* Pixel City.app */;
			productType = "com.apple.product-type.application";
		};
/* End PBXNativeTarget section */

/* Begin PBXProject section */
		B522F6D123B13DBD00307B81 /* Project object */ = {
			isa = PBXProject;
			attributes = {
				LastSwiftUpdateCheck = 1110;
				LastUpgradeCheck = 1110;
				ORGANIZATIONNAME = CreatesApps;
				TargetAttributes = {
					B522F6D823B13DBD00307B81 = {
						CreatedOnToolsVersion = 11.1;
					};
				};
			};
			buildConfigurationList = B522F6D423B13DBD00307B81 /* Build configuration list for PBXProject "Pixel City" */;
			compatibilityVersion = "Xcode 9.3";
			developmentRegion = en;
			hasScannedForEncodings = 0;
			knownRegions = (
				en,
				Base,
			);
			mainGroup = B522F6D023B13DBD00307B81;
			productRefGroup = B522F6DA23B13DBD00307B81 /* Products */;
			projectDirPath = "";
			projectRoot = "";
			targets = (
				B522F6D823B13DBD00307B81 /* Pixel City */,
			);
		};
/* End PBXProject section */

/* Begin PBXResourcesBuildPhase section */
		B522F6D723B13DBD00307B81 /* Resources */ = {
			isa = PBXResourcesBuildPhase;
			buildActionMask = 2147483647;
			files = (
				B522F6E923B13DC500307B81 /* LaunchScreen.storyboard in Resources */,
				B522F6E623B13DC500307B81 /* Assets.xcassets in Resources */,
				B522F6E423B13DBD00307B81 /* Main.storyboard in Resources */,
			);
			runOnlyForDeploymentPostprocessing = 0;
		};
/* End PBXResourcesBuildPhase section */

/* Begin PBXShellScriptBuildPhase section */
		49C7674602DC6FE7F6F47611 /* [CP] Embed Pods Frameworks */ = {
			isa = PBXShellScriptBuildPhase;
			buildActionMask = 2147483647;
			files = (
			);
			inputFileListPaths = (
				"${PODS_ROOT}/Target Support Files/Pods-Pixel City/Pods-Pixel City-frameworks-${CONFIGURATION}-input-files.xcfilelist",
			);
			name = "[CP] Embed Pods Frameworks";
			outputFileListPaths = (
				"${PODS_ROOT}/Target Support Files/Pods-Pixel City/Pods-Pixel City-frameworks-${CONFIGURATION}-output-files.xcfilelist",
			);
			runOnlyForDeploymentPostprocessing = 0;
			shellPath = /bin/sh;
			shellScript = "\"${PODS_ROOT}/Target Support Files/Pods-Pixel City/Pods-Pixel City-frameworks.sh\"\n";
			showEnvVarsInLog = 0;
		};
		BC26FCF71D0A010127CCBCCB /* [CP] Check Pods Manifest.lock */ = {
			isa = PBXShellScriptBuildPhase;
			buildActionMask = 2147483647;
			files = (
			);
			inputFileListPaths = (
			);
			inputPaths = (
				"${PODS_PODFILE_DIR_PATH}/Podfile.lock",
				"${PODS_ROOT}/Manifest.lock",
			);
			name = "[CP] Check Pods Manifest.lock";
			outputFileListPaths = (
			);
			outputPaths = (
				"$(DERIVED_FILE_DIR)/Pods-Pixel City-checkManifestLockResult.txt",
			);
			runOnlyForDeploymentPostprocessing = 0;
			shellPath = /bin/sh;
			shellScript = "diff \"${PODS_PODFILE_DIR_PATH}/Podfile.lock\" \"${PODS_ROOT}/Manifest.lock\" > /dev/null\nif [ $? != 0 ] ; then\n    # print error to STDERR\n    echo \"error: The sandbox is not in sync with the Podfile.lock. Run 'pod install' or update your CocoaPods installation.\" >&2\n    exit 1\nfi\n# This output is used by Xcode 'outputs' to avoid re-running this script phase.\necho \"SUCCESS\" > \"${SCRIPT_OUTPUT_FILE_0}\"\n";
			showEnvVarsInLog = 0;
		};
/* End PBXShellScriptBuildPhase section */

/* Begin PBXSourcesBuildPhase section */
		B522F6D523B13DBD00307B81 /* Sources */ = {
			isa = PBXSourcesBuildPhase;
			buildActionMask = 2147483647;
			files = (
				B522F6E123B13DBD00307B81 /* MapVC.swift in Sources */,
				B5536A5A23FC679100B05106 /* DroppablePin.swift in Sources */,
				B522F6DD23B13DBD00307B81 /* AppDelegate.swift in Sources */,
				B522F6DF23B13DBD00307B81 /* SceneDelegate.swift in Sources */,
			);
			runOnlyForDeploymentPostprocessing = 0;
		};
/* End PBXSourcesBuildPhase section */

/* Begin PBXVariantGroup section */
		B522F6E223B13DBD00307B81 /* Main.storyboard */ = {
			isa = PBXVariantGroup;
			children = (
				B522F6E323B13DBD00307B81 /* Base */,
			);
			name = Main.storyboard;
			sourceTree = "<group>";
		};
		B522F6E723B13DC500307B81 /* LaunchScreen.storyboard */ = {
			isa = PBXVariantGroup;
			children = (
				B522F6E823B13DC500307B81 /* Base */,
			);
			name = LaunchScreen.storyboard;
			sourceTree = "<group>";
		};
/* End PBXVariantGroup section */

/* Begin XCBuildConfiguration section */
		B522F6EB23B13DC500307B81 /* Debug */ = {
			isa = XCBuildConfiguration;
			buildSettings = {
				ALWAYS_SEARCH_USER_PATHS = NO;
				CLANG_ANALYZER_NONNULL = YES;
				CLANG_ANALYZER_NUMBER_OBJECT_CONVERSION = YES_AGGRESSIVE;
				CLANG_CXX_LANGUAGE_STANDARD = "gnu++14";
				CLANG_CXX_LIBRARY = "libc++";
				CLANG_ENABLE_MODULES = YES;
				CLANG_ENABLE_OBJC_ARC = YES;
				CLANG_ENABLE_OBJC_WEAK = YES;
				CLANG_WARN_BLOCK_CAPTURE_AUTORELEASING = YES;
				CLANG_WARN_BOOL_CONVERSION = YES;
				CLANG_WARN_COMMA = YES;
				CLANG_WARN_CONSTANT_CONVERSION = YES;
				CLANG_WARN_DEPRECATED_OBJC_IMPLEMENTATIONS = YES;
				CLANG_WARN_DIRECT_OBJC_ISA_USAGE = YES_ERROR;
				CLANG_WARN_DOCUMENTATION_COMMENTS = YES;
				CLANG_WARN_EMPTY_BODY = YES;
				CLANG_WARN_ENUM_CONVERSION = YES;
				CLANG_WARN_INFINITE_RECURSION = YES;
				CLANG_WARN_INT_CONVERSION = YES;
				CLANG_WARN_NON_LITERAL_NULL_CONVERSION = YES;
				CLANG_WARN_OBJC_IMPLICIT_RETAIN_SELF = YES;
				CLANG_WARN_OBJC_LITERAL_CONVERSION = YES;
				CLANG_WARN_OBJC_ROOT_CLASS = YES_ERROR;
				CLANG_WARN_RANGE_LOOP_ANALYSIS = YES;
				CLANG_WARN_STRICT_PROTOTYPES = YES;
				CLANG_WARN_SUSPICIOUS_MOVE = YES;
				CLANG_WARN_UNGUARDED_AVAILABILITY = YES_AGGRESSIVE;
				CLANG_WARN_UNREACHABLE_CODE = YES;
				CLANG_WARN__DUPLICATE_METHOD_MATCH = YES;
				COPY_PHASE_STRIP = NO;
				DEBUG_INFORMATION_FORMAT = dwarf;
				ENABLE_STRICT_OBJC_MSGSEND = YES;
				ENABLE_TESTABILITY = YES;
				GCC_C_LANGUAGE_STANDARD = gnu11;
				GCC_DYNAMIC_NO_PIC = NO;
				GCC_NO_COMMON_BLOCKS = YES;
				GCC_OPTIMIZATION_LEVEL = 0;
				GCC_PREPROCESSOR_DEFINITIONS = (
					"DEBUG=1",
					"$(inherited)",
				);
				GCC_WARN_64_TO_32_BIT_CONVERSION = YES;
				GCC_WARN_ABOUT_RETURN_TYPE = YES_ERROR;
				GCC_WARN_UNDECLARED_SELECTOR = YES;
				GCC_WARN_UNINITIALIZED_AUTOS = YES_AGGRESSIVE;
				GCC_WARN_UNUSED_FUNCTION = YES;
				GCC_WARN_UNUSED_VARIABLE = YES;
				IPHONEOS_DEPLOYMENT_TARGET = 13.1;
				MTL_ENABLE_DEBUG_INFO = INCLUDE_SOURCE;
				MTL_FAST_MATH = YES;
				ONLY_ACTIVE_ARCH = YES;
				SDKROOT = iphoneos;
				SWIFT_ACTIVE_COMPILATION_CONDITIONS = DEBUG;
				SWIFT_OPTIMIZATION_LEVEL = "-Onone";
			};
			name = Debug;
		};
		B522F6EC23B13DC500307B81 /* Release */ = {
			isa = XCBuildConfiguration;
			buildSettings = {
				ALWAYS_SEARCH_USER_PATHS = NO;
				CLANG_ANALYZER_NONNULL = YES;
				CLANG_ANALYZER_NUMBER_OBJECT_CONVERSION = YES_AGGRESSIVE;
				CLANG_CXX_LANGUAGE_STANDARD = "gnu++14";
				CLANG_CXX_LIBRARY = "libc++";
				CLANG_ENABLE_MODULES = YES;
				CLANG_ENABLE_OBJC_ARC = YES;
				CLANG_ENABLE_OBJC_WEAK = YES;
				CLANG_WARN_BLOCK_CAPTURE_AUTORELEASING = YES;
				CLANG_WARN_BOOL_CONVERSION = YES;
				CLANG_WARN_COMMA = YES;
				CLANG_WARN_CONSTANT_CONVERSION = YES;
				CLANG_WARN_DEPRECATED_OBJC_IMPLEMENTATIONS = YES;
				CLANG_WARN_DIRECT_OBJC_ISA_USAGE = YES_ERROR;
				CLANG_WARN_DOCUMENTATION_COMMENTS = YES;
				CLANG_WARN_EMPTY_BODY = YES;
				CLANG_WARN_ENUM_CONVERSION = YES;
				CLANG_WARN_INFINITE_RECURSION = YES;
				CLANG_WARN_INT_CONVERSION = YES;
				CLANG_WARN_NON_LITERAL_NULL_CONVERSION = YES;
				CLANG_WARN_OBJC_IMPLICIT_RETAIN_SELF = YES;
				CLANG_WARN_OBJC_LITERAL_CONVERSION = YES;
				CLANG_WARN_OBJC_ROOT_CLASS = YES_ERROR;
				CLANG_WARN_RANGE_LOOP_ANALYSIS = YES;
				CLANG_WARN_STRICT_PROTOTYPES = YES;
				CLANG_WARN_SUSPICIOUS_MOVE = YES;
				CLANG_WARN_UNGUARDED_AVAILABILITY = YES_AGGRESSIVE;
				CLANG_WARN_UNREACHABLE_CODE = YES;
				CLANG_WARN__DUPLICATE_METHOD_MATCH = YES;
				COPY_PHASE_STRIP = NO;
				DEBUG_INFORMATION_FORMAT = "dwarf-with-dsym";
				ENABLE_NS_ASSERTIONS = NO;
				ENABLE_STRICT_OBJC_MSGSEND = YES;
				GCC_C_LANGUAGE_STANDARD = gnu11;
				GCC_NO_COMMON_BLOCKS = YES;
				GCC_WARN_64_TO_32_BIT_CONVERSION = YES;
				GCC_WARN_ABOUT_RETURN_TYPE = YES_ERROR;
				GCC_WARN_UNDECLARED_SELECTOR = YES;
				GCC_WARN_UNINITIALIZED_AUTOS = YES_AGGRESSIVE;
				GCC_WARN_UNUSED_FUNCTION = YES;
				GCC_WARN_UNUSED_VARIABLE = YES;
				IPHONEOS_DEPLOYMENT_TARGET = 13.1;
				MTL_ENABLE_DEBUG_INFO = NO;
				MTL_FAST_MATH = YES;
				SDKROOT = iphoneos;
				SWIFT_COMPILATION_MODE = wholemodule;
				SWIFT_OPTIMIZATION_LEVEL = "-O";
				VALIDATE_PRODUCT = YES;
			};
			name = Release;
		};
		B522F6EE23B13DC500307B81 /* Debug */ = {
			isa = XCBuildConfiguration;
			baseConfigurationReference = F790A3F1167D80FDCEE527DF /* Pods-Pixel City.debug.xcconfig */;
			buildSettings = {
				ASSETCATALOG_COMPILER_APPICON_NAME = AppIcon;
				CODE_SIGN_STYLE = Automatic;
				DEVELOPMENT_TEAM = 84W8QG5399;
				INFOPLIST_FILE = "Pixel City/Info.plist";
				LD_RUNPATH_SEARCH_PATHS = (
					"$(inherited)",
					"@executable_path/Frameworks",
				);
				PRODUCT_BUNDLE_IDENTIFIER = "com.createsapps.Pixel-City";
				PRODUCT_NAME = "$(TARGET_NAME)";
				SWIFT_VERSION = 5.0;
				TARGETED_DEVICE_FAMILY = 1;
			};
			name = Debug;
		};
		B522F6EF23B13DC500307B81 /* Release */ = {
			isa = XCBuildConfiguration;
			baseConfigurationReference = EE81C1889C8E6205264F4477 /* Pods-Pixel City.release.xcconfig */;
			buildSettings = {
				ASSETCATALOG_COMPILER_APPICON_NAME = AppIcon;
				CODE_SIGN_STYLE = Automatic;
				DEVELOPMENT_TEAM = 84W8QG5399;
				INFOPLIST_FILE = "Pixel City/Info.plist";
				LD_RUNPATH_SEARCH_PATHS = (
					"$(inherited)",
					"@executable_path/Frameworks",
				);
				PRODUCT_BUNDLE_IDENTIFIER = "com.createsapps.Pixel-City";
				PRODUCT_NAME = "$(TARGET_NAME)";
				SWIFT_VERSION = 5.0;
				TARGETED_DEVICE_FAMILY = 1;
			};
			name = Release;
		};
/* End XCBuildConfiguration section */

/* Begin XCConfigurationList section */
		B522F6D423B13DBD00307B81 /* Build configuration list for PBXProject "Pixel City" */ = {
			isa = XCConfigurationList;
			buildConfigurations = (
				B522F6EB23B13DC500307B81 /* Debug */,
				B522F6EC23B13DC500307B81 /* Release */,
			);
			defaultConfigurationIsVisible = 0;
			defaultConfigurationName = Release;
		};
		B522F6ED23B13DC500307B81 /* Build configuration list for PBXNativeTarget "Pixel City" */ = {
			isa = XCConfigurationList;
			buildConfigurations = (
				B522F6EE23B13DC500307B81 /* Debug */,
				B522F6EF23B13DC500307B81 /* Release */,
			);
			defaultConfigurationIsVisible = 0;
			defaultConfigurationName = Release;
		};
/* End XCConfigurationList section */
	};
	rootObject = B522F6D123B13DBD00307B81 /* Project object */;
}
